// !$*UTF8*$!
{
	archiveVersion = 1;
	classes = {
	};
	objectVersion = 46;
	objects = {

/* Begin PBXBuildFile section */
		98CFAA2F1C477F5300CF2343 /* main.m in Sources */ = {isa = PBXBuildFile; fileRef = 98CFAA2E1C477F5300CF2343 /* main.m */; };
		98CFAA321C477F5300CF2343 /* AppDelegate.m in Sources */ = {isa = PBXBuildFile; fileRef = 98CFAA311C477F5300CF2343 /* AppDelegate.m */; };
		98CFAA381C477F5300CF2343 /* Main.storyboard in Resources */ = {isa = PBXBuildFile; fileRef = 98CFAA361C477F5300CF2343 /* Main.storyboard */; };
		98CFAA3A1C477F5300CF2343 /* Assets.xcassets in Resources */ = {isa = PBXBuildFile; fileRef = 98CFAA391C477F5300CF2343 /* Assets.xcassets */; };
		98CFAA3D1C477F5300CF2343 /* LaunchScreen.storyboard in Resources */ = {isa = PBXBuildFile; fileRef = 98CFAA3B1C477F5300CF2343 /* LaunchScreen.storyboard */; };
		98CFAA481C477F5300CF2343 /* WordsTests.m in Sources */ = {isa = PBXBuildFile; fileRef = 98CFAA471C477F5300CF2343 /* WordsTests.m */; };
		98CFAA531C477F5300CF2343 /* WordsUITests.m in Sources */ = {isa = PBXBuildFile; fileRef = 98CFAA521C477F5300CF2343 /* WordsUITests.m */; };
		98CFAA661C4781DA00CF2343 /* MyBookList.m in Sources */ = {isa = PBXBuildFile; fileRef = 98CFAA651C4781DA00CF2343 /* MyBookList.m */; };
		98CFAA691C47903500CF2343 /* CollectionViewCell.m in Sources */ = {isa = PBXBuildFile; fileRef = 98CFAA681C47903500CF2343 /* CollectionViewCell.m */; };
		98CFAA6F1C48C52600CF2343 /* HomeViewController.m in Sources */ = {isa = PBXBuildFile; fileRef = 98CFAA6E1C48C52600CF2343 /* HomeViewController.m */; };
		98CFAA931C5084DE00CF2343 /* AddBookViewController.m in Sources */ = {isa = PBXBuildFile; fileRef = 98CFAA921C5084DE00CF2343 /* AddBookViewController.m */; };
/* End PBXBuildFile section */

/* Begin PBXContainerItemProxy section */
		98CFAA441C477F5300CF2343 /* PBXContainerItemProxy */ = {
			isa = PBXContainerItemProxy;
			containerPortal = 98CFAA221C477F5300CF2343 /* Project object */;
			proxyType = 1;
			remoteGlobalIDString = 98CFAA291C477F5300CF2343;
			remoteInfo = Words;
		};
		98CFAA4F1C477F5300CF2343 /* PBXContainerItemProxy */ = {
			isa = PBXContainerItemProxy;
			containerPortal = 98CFAA221C477F5300CF2343 /* Project object */;
			proxyType = 1;
			remoteGlobalIDString = 98CFAA291C477F5300CF2343;
			remoteInfo = Words;
		};
/* End PBXContainerItemProxy section */

/* Begin PBXFileReference section */
		98CFAA2A1C477F5300CF2343 /* Words.app */ = {isa = PBXFileReference; explicitFileType = wrapper.application; includeInIndex = 0; path = Words.app; sourceTree = BUILT_PRODUCTS_DIR; };
		98CFAA2E1C477F5300CF2343 /* main.m */ = {isa = PBXFileReference; lastKnownFileType = sourcecode.c.objc; path = main.m; sourceTree = "<group>"; };
		98CFAA301C477F5300CF2343 /* AppDelegate.h */ = {isa = PBXFileReference; lastKnownFileType = sourcecode.c.h; path = AppDelegate.h; sourceTree = "<group>"; };
		98CFAA311C477F5300CF2343 /* AppDelegate.m */ = {isa = PBXFileReference; lastKnownFileType = sourcecode.c.objc; path = AppDelegate.m; sourceTree = "<group>"; };
		98CFAA371C477F5300CF2343 /* Base */ = {isa = PBXFileReference; lastKnownFileType = file.storyboard; name = Base; path = Base.lproj/Main.storyboard; sourceTree = "<group>"; };
		98CFAA391C477F5300CF2343 /* Assets.xcassets */ = {isa = PBXFileReference; lastKnownFileType = folder.assetcatalog; path = Assets.xcassets; sourceTree = "<group>"; };
		98CFAA3C1C477F5300CF2343 /* Base */ = {isa = PBXFileReference; lastKnownFileType = file.storyboard; name = Base; path = Base.lproj/LaunchScreen.storyboard; sourceTree = "<group>"; };
		98CFAA3E1C477F5300CF2343 /* Info.plist */ = {isa = PBXFileReference; lastKnownFileType = text.plist.xml; path = Info.plist; sourceTree = "<group>"; };
		98CFAA431C477F5300CF2343 /* WordsTests.xctest */ = {isa = PBXFileReference; explicitFileType = wrapper.cfbundle; includeInIndex = 0; path = WordsTests.xctest; sourceTree = BUILT_PRODUCTS_DIR; };
		98CFAA471C477F5300CF2343 /* WordsTests.m */ = {isa = PBXFileReference; lastKnownFileType = sourcecode.c.objc; path = WordsTests.m; sourceTree = "<group>"; };
		98CFAA491C477F5300CF2343 /* Info.plist */ = {isa = PBXFileReference; lastKnownFileType = text.plist.xml; path = Info.plist; sourceTree = "<group>"; };
		98CFAA4E1C477F5300CF2343 /* WordsUITests.xctest */ = {isa = PBXFileReference; explicitFileType = wrapper.cfbundle; includeInIndex = 0; path = WordsUITests.xctest; sourceTree = BUILT_PRODUCTS_DIR; };
		98CFAA521C477F5300CF2343 /* WordsUITests.m */ = {isa = PBXFileReference; lastKnownFileType = sourcecode.c.objc; path = WordsUITests.m; sourceTree = "<group>"; };
		98CFAA541C477F5300CF2343 /* Info.plist */ = {isa = PBXFileReference; lastKnownFileType = text.plist.xml; path = Info.plist; sourceTree = "<group>"; };
		98CFAA641C4781DA00CF2343 /* MyBookList.h */ = {isa = PBXFileReference; fileEncoding = 4; lastKnownFileType = sourcecode.c.h; path = MyBookList.h; sourceTree = "<group>"; };
		98CFAA651C4781DA00CF2343 /* MyBookList.m */ = {isa = PBXFileReference; fileEncoding = 4; lastKnownFileType = sourcecode.c.objc; path = MyBookList.m; sourceTree = "<group>"; };
		98CFAA671C47903500CF2343 /* CollectionViewCell.h */ = {isa = PBXFileReference; fileEncoding = 4; lastKnownFileType = sourcecode.c.h; path = CollectionViewCell.h; sourceTree = "<group>"; };
		98CFAA681C47903500CF2343 /* CollectionViewCell.m */ = {isa = PBXFileReference; fileEncoding = 4; lastKnownFileType = sourcecode.c.objc; path = CollectionViewCell.m; sourceTree = "<group>"; };
		98CFAA6D1C48C52600CF2343 /* HomeViewController.h */ = {isa = PBXFileReference; fileEncoding = 4; lastKnownFileType = sourcecode.c.h; path = HomeViewController.h; sourceTree = "<group>"; };
		98CFAA6E1C48C52600CF2343 /* HomeViewController.m */ = {isa = PBXFileReference; fileEncoding = 4; lastKnownFileType = sourcecode.c.objc; path = HomeViewController.m; sourceTree = "<group>"; };
		98CFAA911C5084DE00CF2343 /* AddBookViewController.h */ = {isa = PBXFileReference; fileEncoding = 4; lastKnownFileType = sourcecode.c.h; name = AddBookViewController.h; path = ../AddBookViewController.h; sourceTree = "<group>"; };
		98CFAA921C5084DE00CF2343 /* AddBookViewController.m */ = {isa = PBXFileReference; fileEncoding = 4; lastKnownFileType = sourcecode.c.objc; name = AddBookViewController.m; path = ../AddBookViewController.m; sourceTree = "<group>"; };
/* End PBXFileReference section */

/* Begin PBXFrameworksBuildPhase section */
		98CFAA271C477F5300CF2343 /* Frameworks */ = {
			isa = PBXFrameworksBuildPhase;
			buildActionMask = 2147483647;
			files = (
			);
			runOnlyForDeploymentPostprocessing = 0;
		};
		98CFAA401C477F5300CF2343 /* Frameworks */ = {
			isa = PBXFrameworksBuildPhase;
			buildActionMask = 2147483647;
			files = (
			);
			runOnlyForDeploymentPostprocessing = 0;
		};
		98CFAA4B1C477F5300CF2343 /* Frameworks */ = {
			isa = PBXFrameworksBuildPhase;
			buildActionMask = 2147483647;
			files = (
			);
			runOnlyForDeploymentPostprocessing = 0;
		};
/* End PBXFrameworksBuildPhase section */

/* Begin PBXGroup section */
		98CFAA211C477F5300CF2343 = {
			isa = PBXGroup;
			children = (
				98CFAA2C1C477F5300CF2343 /* Words */,
				98CFAA461C477F5300CF2343 /* WordsTests */,
				98CFAA511C477F5300CF2343 /* WordsUITests */,
				98CFAA2B1C477F5300CF2343 /* Products */,
			);
			sourceTree = "<group>";
		};
		98CFAA2B1C477F5300CF2343 /* Products */ = {
			isa = PBXGroup;
			children = (
				98CFAA2A1C477F5300CF2343 /* Words.app */,
				98CFAA431C477F5300CF2343 /* WordsTests.xctest */,
				98CFAA4E1C477F5300CF2343 /* WordsUITests.xctest */,
			);
			name = Products;
			sourceTree = "<group>";
		};
		98CFAA2C1C477F5300CF2343 /* Words */ = {
			isa = PBXGroup;
			children = (
				98CFAA911C5084DE00CF2343 /* AddBookViewController.h */,
				98CFAA921C5084DE00CF2343 /* AddBookViewController.m */,
				98CFAA631C4781AB00CF2343 /* model */,
				98CFAA301C477F5300CF2343 /* AppDelegate.h */,
				98CFAA311C477F5300CF2343 /* AppDelegate.m */,
				98CFAA361C477F5300CF2343 /* Main.storyboard */,
				98CFAA391C477F5300CF2343 /* Assets.xcassets */,
				98CFAA3B1C477F5300CF2343 /* LaunchScreen.storyboard */,
				98CFAA3E1C477F5300CF2343 /* Info.plist */,
				98CFAA2D1C477F5300CF2343 /* Supporting Files */,
				98CFAA671C47903500CF2343 /* CollectionViewCell.h */,
				98CFAA681C47903500CF2343 /* CollectionViewCell.m */,
				98CFAA6D1C48C52600CF2343 /* HomeViewController.h */,
				98CFAA6E1C48C52600CF2343 /* HomeViewController.m */,
			);
			path = Words;
			sourceTree = "<group>";
		};
		98CFAA2D1C477F5300CF2343 /* Supporting Files */ = {
			isa = PBXGroup;
			children = (
				98CFAA2E1C477F5300CF2343 /* main.m */,
			);
			name = "Supporting Files";
			sourceTree = "<group>";
		};
		98CFAA461C477F5300CF2343 /* WordsTests */ = {
			isa = PBXGroup;
			children = (
				98CFAA471C477F5300CF2343 /* WordsTests.m */,
				98CFAA491C477F5300CF2343 /* Info.plist */,
			);
			path = WordsTests;
			sourceTree = "<group>";
		};
		98CFAA511C477F5300CF2343 /* WordsUITests */ = {
			isa = PBXGroup;
			children = (
				98CFAA521C477F5300CF2343 /* WordsUITests.m */,
				98CFAA541C477F5300CF2343 /* Info.plist */,
			);
			path = WordsUITests;
			sourceTree = "<group>";
		};
		98CFAA631C4781AB00CF2343 /* model */ = {
			isa = PBXGroup;
			children = (
				98CFAA641C4781DA00CF2343 /* MyBookList.h */,
				98CFAA651C4781DA00CF2343 /* MyBookList.m */,
			);
			name = model;
			sourceTree = "<group>";
		};
/* End PBXGroup section */

/* Begin PBXNativeTarget section */
		98CFAA291C477F5300CF2343 /* Words */ = {
			isa = PBXNativeTarget;
			buildConfigurationList = 98CFAA571C477F5300CF2343 /* Build configuration list for PBXNativeTarget "Words" */;
			buildPhases = (
				98CFAA261C477F5300CF2343 /* Sources */,
				98CFAA271C477F5300CF2343 /* Frameworks */,
				98CFAA281C477F5300CF2343 /* Resources */,
			);
			buildRules = (
			);
			dependencies = (
			);
			name = Words;
			productName = Words;
			productReference = 98CFAA2A1C477F5300CF2343 /* Words.app */;
			productType = "com.apple.product-type.application";
		};
		98CFAA421C477F5300CF2343 /* WordsTests */ = {
			isa = PBXNativeTarget;
			buildConfigurationList = 98CFAA5A1C477F5300CF2343 /* Build configuration list for PBXNativeTarget "WordsTests" */;
			buildPhases = (
				98CFAA3F1C477F5300CF2343 /* Sources */,
				98CFAA401C477F5300CF2343 /* Frameworks */,
				98CFAA411C477F5300CF2343 /* Resources */,
			);
			buildRules = (
			);
			dependencies = (
				98CFAA451C477F5300CF2343 /* PBXTargetDependency */,
			);
			name = WordsTests;
			productName = WordsTests;
			productReference = 98CFAA431C477F5300CF2343 /* WordsTests.xctest */;
			productType = "com.apple.product-type.bundle.unit-test";
		};
		98CFAA4D1C477F5300CF2343 /* WordsUITests */ = {
			isa = PBXNativeTarget;
			buildConfigurationList = 98CFAA5D1C477F5300CF2343 /* Build configuration list for PBXNativeTarget "WordsUITests" */;
			buildPhases = (
				98CFAA4A1C477F5300CF2343 /* Sources */,
				98CFAA4B1C477F5300CF2343 /* Frameworks */,
				98CFAA4C1C477F5300CF2343 /* Resources */,
			);
			buildRules = (
			);
			dependencies = (
				98CFAA501C477F5300CF2343 /* PBXTargetDependency */,
			);
			name = WordsUITests;
			productName = WordsUITests;
			productReference = 98CFAA4E1C477F5300CF2343 /* WordsUITests.xctest */;
			productType = "com.apple.product-type.bundle.ui-testing";
		};
/* End PBXNativeTarget section */

/* Begin PBXProject section */
		98CFAA221C477F5300CF2343 /* Project object */ = {
			isa = PBXProject;
			attributes = {
				LastUpgradeCheck = 0720;
				ORGANIZATIONNAME = YeSpencer;
				TargetAttributes = {
					98CFAA291C477F5300CF2343 = {
						CreatedOnToolsVersion = 7.2;
						DevelopmentTeam = BE2FCXF335;
					};
					98CFAA421C477F5300CF2343 = {
						CreatedOnToolsVersion = 7.2;
						DevelopmentTeam = BE2FCXF335;
						TestTargetID = 98CFAA291C477F5300CF2343;
					};
					98CFAA4D1C477F5300CF2343 = {
						CreatedOnToolsVersion = 7.2;
						DevelopmentTeam = BE2FCXF335;
						TestTargetID = 98CFAA291C477F5300CF2343;
					};
				};
			};
			buildConfigurationList = 98CFAA251C477F5300CF2343 /* Build configuration list for PBXProject "Words" */;
			compatibilityVersion = "Xcode 3.2";
			developmentRegion = English;
			hasScannedForEncodings = 0;
			knownRegions = (
				en,
				Base,
			);
			mainGroup = 98CFAA211C477F5300CF2343;
			productRefGroup = 98CFAA2B1C477F5300CF2343 /* Products */;
			projectDirPath = "";
			projectRoot = "";
			targets = (
				98CFAA291C477F5300CF2343 /* Words */,
				98CFAA421C477F5300CF2343 /* WordsTests */,
				98CFAA4D1C477F5300CF2343 /* WordsUITests */,
			);
		};
/* End PBXProject section */

/* Begin PBXResourcesBuildPhase section */
		98CFAA281C477F5300CF2343 /* Resources */ = {
			isa = PBXResourcesBuildPhase;
			buildActionMask = 2147483647;
			files = (
				98CFAA3D1C477F5300CF2343 /* LaunchScreen.storyboard in Resources */,
				98CFAA3A1C477F5300CF2343 /* Assets.xcassets in Resources */,
				98CFAA381C477F5300CF2343 /* Main.storyboard in Resources */,
			);
			runOnlyForDeploymentPostprocessing = 0;
		};
		98CFAA411C477F5300CF2343 /* Resources */ = {
			isa = PBXResourcesBuildPhase;
			buildActionMask = 2147483647;
			files = (
			);
			runOnlyForDeploymentPostprocessing = 0;
		};
		98CFAA4C1C477F5300CF2343 /* Resources */ = {
			isa = PBXResourcesBuildPhase;
			buildActionMask = 2147483647;
			files = (
			);
			runOnlyForDeploymentPostprocessing = 0;
		};
/* End PBXResourcesBuildPhase section */

/* Begin PBXSourcesBuildPhase section */
		98CFAA261C477F5300CF2343 /* Sources */ = {
			isa = PBXSourcesBuildPhase;
			buildActionMask = 2147483647;
			files = (
				98CFAA661C4781DA00CF2343 /* MyBookList.m in Sources */,
				98CFAA691C47903500CF2343 /* CollectionViewCell.m in Sources */,
				98CFAA321C477F5300CF2343 /* AppDelegate.m in Sources */,
				98CFAA2F1C477F5300CF2343 /* main.m in Sources */,
				98CFAA6F1C48C52600CF2343 /* HomeViewController.m in Sources */,
				98CFAA931C5084DE00CF2343 /* AddBookViewController.m in Sources */,
			);
			runOnlyForDeploymentPostprocessing = 0;
		};
		98CFAA3F1C477F5300CF2343 /* Sources */ = {
			isa = PBXSourcesBuildPhase;
			buildActionMask = 2147483647;
			files = (
				98CFAA481C477F5300CF2343 /* WordsTests.m in Sources */,
			);
			runOnlyForDeploymentPostprocessing = 0;
		};
		98CFAA4A1C477F5300CF2343 /* Sources */ = {
			isa = PBXSourcesBuildPhase;
			buildActionMask = 2147483647;
			files = (
				98CFAA531C477F5300CF2343 /* WordsUITests.m in Sources */,
			);
			runOnlyForDeploymentPostprocessing = 0;
		};
/* End PBXSourcesBuildPhase section */

/* Begin PBXTargetDependency section */
		98CFAA451C477F5300CF2343 /* PBXTargetDependency */ = {
			isa = PBXTargetDependency;
			target = 98CFAA291C477F5300CF2343 /* Words */;
			targetProxy = 98CFAA441C477F5300CF2343 /* PBXContainerItemProxy */;
		};
		98CFAA501C477F5300CF2343 /* PBXTargetDependency */ = {
			isa = PBXTargetDependency;
			target = 98CFAA291C477F5300CF2343 /* Words */;
			targetProxy = 98CFAA4F1C477F5300CF2343 /* PBXContainerItemProxy */;
		};
/* End PBXTargetDependency section */

/* Begin PBXVariantGroup section */
		98CFAA361C477F5300CF2343 /* Main.storyboard */ = {
			isa = PBXVariantGroup;
			children = (
				98CFAA371C477F5300CF2343 /* Base */,
			);
			name = Main.storyboard;
			sourceTree = "<group>";
		};
		98CFAA3B1C477F5300CF2343 /* LaunchScreen.storyboard */ = {
			isa = PBXVariantGroup;
			children = (
				98CFAA3C1C477F5300CF2343 /* Base */,
			);
			name = LaunchScreen.storyboard;
			sourceTree = "<group>";
		};
/* End PBXVariantGroup section */

/* Begin XCBuildConfiguration section */
		98CFAA551C477F5300CF2343 /* Debug */ = {
			isa = XCBuildConfiguration;
			buildSettings = {
				ALWAYS_SEARCH_USER_PATHS = NO;
				CLANG_CXX_LANGUAGE_STANDARD = "gnu++0x";
				CLANG_CXX_LIBRARY = "libc++";
				CLANG_ENABLE_MODULES = YES;
				CLANG_ENABLE_OBJC_ARC = YES;
				CLANG_WARN_BOOL_CONVERSION = YES;
				CLANG_WARN_CONSTANT_CONVERSION = YES;
				CLANG_WARN_DIRECT_OBJC_ISA_USAGE = YES_ERROR;
				CLANG_WARN_EMPTY_BODY = YES;
				CLANG_WARN_ENUM_CONVERSION = YES;
				CLANG_WARN_INT_CONVERSION = YES;
				CLANG_WARN_OBJC_ROOT_CLASS = YES_ERROR;
				CLANG_WARN_UNREACHABLE_CODE = YES;
				CLANG_WARN__DUPLICATE_METHOD_MATCH = YES;
				"CODE_SIGN_IDENTITY[sdk=iphoneos*]" = "iPhone Developer";
				COPY_PHASE_STRIP = NO;
				DEBUG_INFORMATION_FORMAT = dwarf;
				ENABLE_STRICT_OBJC_MSGSEND = YES;
				ENABLE_TESTABILITY = YES;
				GCC_C_LANGUAGE_STANDARD = gnu99;
				GCC_DYNAMIC_NO_PIC = NO;
				GCC_NO_COMMON_BLOCKS = YES;
				GCC_OPTIMIZATION_LEVEL = 0;
				GCC_PREPROCESSOR_DEFINITIONS = (
					"DEBUG=1",
					"$(inherited)",
				);
				GCC_WARN_64_TO_32_BIT_CONVERSION = YES;
				GCC_WARN_ABOUT_RETURN_TYPE = YES_ERROR;
				GCC_WARN_UNDECLARED_SELECTOR = YES;
				GCC_WARN_UNINITIALIZED_AUTOS = YES_AGGRESSIVE;
				GCC_WARN_UNUSED_FUNCTION = YES;
				GCC_WARN_UNUSED_VARIABLE = YES;
				IPHONEOS_DEPLOYMENT_TARGET = 9.2;
				MTL_ENABLE_DEBUG_INFO = YES;
				ONLY_ACTIVE_ARCH = YES;
				SDKROOT = iphoneos;
			};
			name = Debug;
		};
		98CFAA561C477F5300CF2343 /* Release */ = {
			isa = XCBuildConfiguration;
			buildSettings = {
				ALWAYS_SEARCH_USER_PATHS = NO;
				CLANG_CXX_LANGUAGE_STANDARD = "gnu++0x";
				CLANG_CXX_LIBRARY = "libc++";
				CLANG_ENABLE_MODULES = YES;
				CLANG_ENABLE_OBJC_ARC = YES;
				CLANG_WARN_BOOL_CONVERSION = YES;
				CLANG_WARN_CONSTANT_CONVERSION = YES;
				CLANG_WARN_DIRECT_OBJC_ISA_USAGE = YES_ERROR;
				CLANG_WARN_EMPTY_BODY = YES;
				CLANG_WARN_ENUM_CONVERSION = YES;
				CLANG_WARN_INT_CONVERSION = YES;
				CLANG_WARN_OBJC_ROOT_CLASS = YES_ERROR;
				CLANG_WARN_UNREACHABLE_CODE = YES;
				CLANG_WARN__DUPLICATE_METHOD_MATCH = YES;
				"CODE_SIGN_IDENTITY[sdk=iphoneos*]" = "iPhone Developer";
				COPY_PHASE_STRIP = NO;
				DEBUG_INFORMATION_FORMAT = "dwarf-with-dsym";
				ENABLE_NS_ASSERTIONS = NO;
				ENABLE_STRICT_OBJC_MSGSEND = YES;
				GCC_C_LANGUAGE_STANDARD = gnu99;
				GCC_NO_COMMON_BLOCKS = YES;
				GCC_WARN_64_TO_32_BIT_CONVERSION = YES;
				GCC_WARN_ABOUT_RETURN_TYPE = YES_ERROR;
				GCC_WARN_UNDECLARED_SELECTOR = YES;
				GCC_WARN_UNINITIALIZED_AUTOS = YES_AGGRESSIVE;
				GCC_WARN_UNUSED_FUNCTION = YES;
				GCC_WARN_UNUSED_VARIABLE = YES;
				IPHONEOS_DEPLOYMENT_TARGET = 9.2;
				MTL_ENABLE_DEBUG_INFO = NO;
				SDKROOT = iphoneos;
				VALIDATE_PRODUCT = YES;
			};
			name = Release;
		};
		98CFAA581C477F5300CF2343 /* Debug */ = {
			isa = XCBuildConfiguration;
			buildSettings = {
				ASSETCATALOG_COMPILER_APPICON_NAME = AppIcon;
				INFOPLIST_FILE = Words/Info.plist;
				LD_RUNPATH_SEARCH_PATHS = "$(inherited) @executable_path/Frameworks";
				PRODUCT_BUNDLE_IDENTIFIER = com.aplus6.Words;
				PRODUCT_NAME = "$(TARGET_NAME)";
			};
			name = Debug;
		};
		98CFAA591C477F5300CF2343 /* Release */ = {
			isa = XCBuildConfiguration;
			buildSettings = {
				ASSETCATALOG_COMPILER_APPICON_NAME = AppIcon;
				INFOPLIST_FILE = Words/Info.plist;
				LD_RUNPATH_SEARCH_PATHS = "$(inherited) @executable_path/Frameworks";
				PRODUCT_BUNDLE_IDENTIFIER = com.aplus6.Words;
				PRODUCT_NAME = "$(TARGET_NAME)";
			};
			name = Release;
		};
		98CFAA5B1C477F5300CF2343 /* Debug */ = {
			isa = XCBuildConfiguration;
			buildSettings = {
				BUNDLE_LOADER = "$(TEST_HOST)";
				INFOPLIST_FILE = WordsTests/Info.plist;
				LD_RUNPATH_SEARCH_PATHS = "$(inherited) @executable_path/Frameworks @loader_path/Frameworks";
				PRODUCT_BUNDLE_IDENTIFIER = com.aplus6.WordsTests;
				PRODUCT_NAME = "$(TARGET_NAME)";
				TEST_HOST = "$(BUILT_PRODUCTS_DIR)/Words.app/Words";
			};
			name = Debug;
		};
		98CFAA5C1C477F5300CF2343 /* Release */ = {
			isa = XCBuildConfiguration;
			buildSettings = {
				BUNDLE_LOADER = "$(TEST_HOST)";
				INFOPLIST_FILE = WordsTests/Info.plist;
				LD_RUNPATH_SEARCH_PATHS = "$(inherited) @executable_path/Frameworks @loader_path/Frameworks";
				PRODUCT_BUNDLE_IDENTIFIER = com.aplus6.WordsTests;
				PRODUCT_NAME = "$(TARGET_NAME)";
				TEST_HOST = "$(BUILT_PRODUCTS_DIR)/Words.app/Words";
			};
			name = Release;
		};
		98CFAA5E1C477F5300CF2343 /* Debug */ = {
			isa = XCBuildConfiguration;
			buildSettings = {
				INFOPLIST_FILE = WordsUITests/Info.plist;
				LD_RUNPATH_SEARCH_PATHS = "$(inherited) @executable_path/Frameworks @loader_path/Frameworks";
				PRODUCT_BUNDLE_IDENTIFIER = com.aplus6.WordsUITests;
				PRODUCT_NAME = "$(TARGET_NAME)";
				TEST_TARGET_NAME = Words;
				USES_XCTRUNNER = YES;
			};
			name = Debug;
		};
		98CFAA5F1C477F5300CF2343 /* Release */ = {
			isa = XCBuildConfiguration;
			buildSettings = {
				INFOPLIST_FILE = WordsUITests/Info.plist;
				LD_RUNPATH_SEARCH_PATHS = "$(inherited) @executable_path/Frameworks @loader_path/Frameworks";
				PRODUCT_BUNDLE_IDENTIFIER = com.aplus6.WordsUITests;
				PRODUCT_NAME = "$(TARGET_NAME)";
				TEST_TARGET_NAME = Words;
				USES_XCTRUNNER = YES;
			};
			name = Release;
		};
/* End XCBuildConfiguration section */

/* Begin XCConfigurationList section */
		98CFAA251C477F5300CF2343 /* Build configuration list for PBXProject "Words" */ = {
			isa = XCConfigurationList;
			buildConfigurations = (
				98CFAA551C477F5300CF2343 /* Debug */,
				98CFAA561C477F5300CF2343 /* Release */,
			);
			defaultConfigurationIsVisible = 0;
			defaultConfigurationName = Release;
		};
		98CFAA571C477F5300CF2343 /* Build configuration list for PBXNativeTarget "Words" */ = {
			isa = XCConfigurationList;
			buildConfigurations = (
				98CFAA581C477F5300CF2343 /* Debug */,
				98CFAA591C477F5300CF2343 /* Release */,
			);
			defaultConfigurationIsVisible = 0;
		};
		98CFAA5A1C477F5300CF2343 /* Build configuration list for PBXNativeTarget "WordsTests" */ = {
			isa = XCConfigurationList;
			buildConfigurations = (
				98CFAA5B1C477F5300CF2343 /* Debug */,
				98CFAA5C1C477F5300CF2343 /* Release */,
			);
			defaultConfigurationIsVisible = 0;
		};
		98CFAA5D1C477F5300CF2343 /* Build configuration list for PBXNativeTarget "WordsUITests" */ = {
			isa = XCConfigurationList;
			buildConfigurations = (
				98CFAA5E1C477F5300CF2343 /* Debug */,
				98CFAA5F1C477F5300CF2343 /* Release */,
			);
			defaultConfigurationIsVisible = 0;
		};
/* End XCConfigurationList section */
	};
	rootObject = 98CFAA221C477F5300CF2343 /* Project object */;
}
